
Microsoft Visual Studio Solution File, Format Version 12.00
# Visual Studio Version 16
VisualStudioVersion = 16.0.31829.152
MinimumVisualStudioVersion = 10.0.40219.1
Project("{FAE04EC0-301F-11D3-BF4B-00C04F79EFBC}") = "FiguresProject", "FiguresProject.csproj", "{0CBE4E47-8D34-4E2B-9225-0AC01C4BE01B}"
EndProject
Global
	GlobalSection(SolutionConfigurationPlatforms) = preSolution
		Debug|Any CPU = Debug|Any CPU
		Release|Any CPU = Release|Any CPU
	EndGlobalSection
	GlobalSection(ProjectConfigurationPlatforms) = postSolution
		{0CBE4E47-8D34-4E2B-9225-0AC01C4BE01B}.Debug|Any CPU.ActiveCfg = Debug|Any CPU
		{0CBE4E47-8D34-4E2B-9225-0AC01C4BE01B}.Debug|Any CPU.Build.0 = Debug|Any CPU
		{0CBE4E47-8D34-4E2B-9225-0AC01C4BE01B}.Release|Any CPU.ActiveCfg = Release|Any CPU
		{0CBE4E47-8D34-4E2B-9225-0AC01C4BE01B}.Release|Any CPU.Build.0 = Release|Any CPU
	EndGlobalSection
	GlobalSection(SolutionProperties) = preSolution
		HideSolutionNode = FALSE
	EndGlobalSection
	GlobalSection(ExtensibilityGlobals) = postSolution
		SolutionGuid = {67C5CD11-38B0-4AD4-951B-7C450414DEB2}
	EndGlobalSection
EndGlobal
